// !$*UTF8*$!
{
	archiveVersion = 1;
	classes = {
	};
	objectVersion = 50;
	objects = {

/* Begin PBXBuildFile section */
		DAB99C1B23A1AF2F00629FFD /* AppDelegate.swift in Sources */ = {isa = PBXBuildFile; fileRef = DAB99C1A23A1AF2F00629FFD /* AppDelegate.swift */; };
		DAB99C1D23A1AF2F00629FFD /* SceneDelegate.swift in Sources */ = {isa = PBXBuildFile; fileRef = DAB99C1C23A1AF2F00629FFD /* SceneDelegate.swift */; };
		DAB99C1F23A1AF2F00629FFD /* ContentView.swift in Sources */ = {isa = PBXBuildFile; fileRef = DAB99C1E23A1AF2F00629FFD /* ContentView.swift */; };
		DAB99C2123A1AF3000629FFD /* Assets.xcassets in Resources */ = {isa = PBXBuildFile; fileRef = DAB99C2023A1AF3000629FFD /* Assets.xcassets */; };
		DAB99C2423A1AF3000629FFD /* Preview Assets.xcassets in Resources */ = {isa = PBXBuildFile; fileRef = DAB99C2323A1AF3000629FFD /* Preview Assets.xcassets */; };
		DAB99C2723A1AF3000629FFD /* LaunchScreen.storyboard in Resources */ = {isa = PBXBuildFile; fileRef = DAB99C2523A1AF3000629FFD /* LaunchScreen.storyboard */; };
/* End PBXBuildFile section */

/* Begin PBXFileReference section */
		DAB99C1723A1AF2F00629FFD /* Guess game.app */ = {isa = PBXFileReference; explicitFileType = wrapper.application; includeInIndex = 0; path = "Guess game.app"; sourceTree = BUILT_PRODUCTS_DIR; };
		DAB99C1A23A1AF2F00629FFD /* AppDelegate.swift */ = {isa = PBXFileReference; lastKnownFileType = sourcecode.swift; path = AppDelegate.swift; sourceTree = "<group>"; };
		DAB99C1C23A1AF2F00629FFD /* SceneDelegate.swift */ = {isa = PBXFileReference; lastKnownFileType = sourcecode.swift; path = SceneDelegate.swift; sourceTree = "<group>"; };
		DAB99C1E23A1AF2F00629FFD /* ContentView.swift */ = {isa = PBXFileReference; lastKnownFileType = sourcecode.swift; path = ContentView.swift; sourceTree = "<group>"; };
		DAB99C2023A1AF3000629FFD /* Assets.xcassets */ = {isa = PBXFileReference; lastKnownFileType = folder.assetcatalog; path = Assets.xcassets; sourceTree = "<group>"; };
		DAB99C2323A1AF3000629FFD /* Preview Assets.xcassets */ = {isa = PBXFileReference; lastKnownFileType = folder.assetcatalog; path = "Preview Assets.xcassets"; sourceTree = "<group>"; };
		DAB99C2623A1AF3000629FFD /* Base */ = {isa = PBXFileReference; lastKnownFileType = file.storyboard; name = Base; path = Base.lproj/LaunchScreen.storyboard; sourceTree = "<group>"; };
		DAB99C2823A1AF3000629FFD /* Info.plist */ = {isa = PBXFileReference; lastKnownFileType = text.plist.xml; path = Info.plist; sourceTree = "<group>"; };
/* End PBXFileReference section */

/* Begin PBXFrameworksBuildPhase section */
		DAB99C1423A1AF2F00629FFD /* Frameworks */ = {
			isa = PBXFrameworksBuildPhase;
			buildActionMask = 2147483647;
			files = (
			);
			runOnlyForDeploymentPostprocessing = 0;
		};
/* End PBXFrameworksBuildPhase section */

/* Begin PBXGroup section */
		DAB99C0E23A1AF2F00629FFD = {
			isa = PBXGroup;
			children = (
				DAB99C1923A1AF2F00629FFD /* Guess game */,
				DAB99C1823A1AF2F00629FFD /* Products */,
			);
			sourceTree = "<group>";
		};
		DAB99C1823A1AF2F00629FFD /* Products */ = {
			isa = PBXGroup;
			children = (
				DAB99C1723A1AF2F00629FFD /* Guess game.app */,
			);
			name = Products;
			sourceTree = "<group>";
		};
		DAB99C1923A1AF2F00629FFD /* Guess game */ = {
			isa = PBXGroup;
			children = (
				DAB99C1A23A1AF2F00629FFD /* AppDelegate.swift */,
				DAB99C1C23A1AF2F00629FFD /* SceneDelegate.swift */,
				DAB99C1E23A1AF2F00629FFD /* ContentView.swift */,
				DAB99C2023A1AF3000629FFD /* Assets.xcassets */,
				DAB99C2523A1AF3000629FFD /* LaunchScreen.storyboard */,
				DAB99C2823A1AF3000629FFD /* Info.plist */,
				DAB99C2223A1AF3000629FFD /* Preview Content */,
			);
			path = "Guess game";
			sourceTree = "<group>";
		};
		DAB99C2223A1AF3000629FFD /* Preview Content */ = {
			isa = PBXGroup;
			children = (
				DAB99C2323A1AF3000629FFD /* Preview Assets.xcassets */,
			);
			path = "Preview Content";
			sourceTree = "<group>";
		};
/* End PBXGroup section */

/* Begin PBXNativeTarget section */
		DAB99C1623A1AF2F00629FFD /* Guess game */ = {
			isa = PBXNativeTarget;
			buildConfigurationList = DAB99C2B23A1AF3000629FFD /* Build configuration list for PBXNativeTarget "Guess game" */;
			buildPhases = (
				DAB99C1323A1AF2F00629FFD /* Sources */,
				DAB99C1423A1AF2F00629FFD /* Frameworks */,
				DAB99C1523A1AF2F00629FFD /* Resources */,
			);
			buildRules = (
			);
			dependencies = (
			);
			name = "Guess game";
			productName = "Guess game";
			productReference = DAB99C1723A1AF2F00629FFD /* Guess game.app */;
			productType = "com.apple.product-type.application";
		};
/* End PBXNativeTarget section */

/* Begin PBXProject section */
		DAB99C0F23A1AF2F00629FFD /* Project object */ = {
			isa = PBXProject;
			attributes = {
				LastSwiftUpdateCheck = 1130;
				LastUpgradeCheck = 1130;
				ORGANIZATIONNAME = "Miguel Yurivilca";
				TargetAttributes = {
					DAB99C1623A1AF2F00629FFD = {
						CreatedOnToolsVersion = 11.3;
					};
				};
			};
			buildConfigurationList = DAB99C1223A1AF2F00629FFD /* Build configuration list for PBXProject "Guess game" */;
			compatibilityVersion = "Xcode 9.3";
			developmentRegion = en;
			hasScannedForEncodings = 0;
			knownRegions = (
				en,
				Base,
			);
			mainGroup = DAB99C0E23A1AF2F00629FFD;
			productRefGroup = DAB99C1823A1AF2F00629FFD /* Products */;
			projectDirPath = "";
			projectRoot = "";
			targets = (
				DAB99C1623A1AF2F00629FFD /* Guess game */,
			);
		};
/* End PBXProject section */

/* Begin PBXResourcesBuildPhase section */
		DAB99C1523A1AF2F00629FFD /* Resources */ = {
			isa = PBXResourcesBuildPhase;
			buildActionMask = 2147483647;
			files = (
				DAB99C2723A1AF3000629FFD /* LaunchScreen.storyboard in Resources */,
				DAB99C2423A1AF3000629FFD /* Preview Assets.xcassets in Resources */,
				DAB99C2123A1AF3000629FFD /* Assets.xcassets in Resources */,
			);
			runOnlyForDeploymentPostprocessing = 0;
		};
/* End PBXResourcesBuildPhase section */

/* Begin PBXSourcesBuildPhase section */
		DAB99C1323A1AF2F00629FFD /* Sources */ = {
			isa = PBXSourcesBuildPhase;
			buildActionMask = 2147483647;
			files = (
				DAB99C1B23A1AF2F00629FFD /* AppDelegate.swift in Sources */,
				DAB99C1D23A1AF2F00629FFD /* SceneDelegate.swift in Sources */,
				DAB99C1F23A1AF2F00629FFD /* ContentView.swift in Sources */,
			);
			runOnlyForDeploymentPostprocessing = 0;
		};
/* End PBXSourcesBuildPhase section */

/* Begin PBXVariantGroup section */
		DAB99C2523A1AF3000629FFD /* LaunchScreen.storyboard */ = {
			isa = PBXVariantGroup;
			children = (
				DAB99C2623A1AF3000629FFD /* Base */,
			);
			name = LaunchScreen.storyboard;
			sourceTree = "<group>";
		};
/* End PBXVariantGroup section */

/* Begin XCBuildConfiguration section */
		DAB99C2923A1AF3000629FFD /* Debug */ = {
			isa = XCBuildConfiguration;
			buildSettings = {
				ALWAYS_SEARCH_USER_PATHS = NO;
				CLANG_ANALYZER_NONNULL = YES;
				CLANG_ANALYZER_NUMBER_OBJECT_CONVERSION = YES_AGGRESSIVE;
				CLANG_CXX_LANGUAGE_STANDARD = "gnu++14";
				CLANG_CXX_LIBRARY = "libc++";
				CLANG_ENABLE_MODULES = YES;
				CLANG_ENABLE_OBJC_ARC = YES;
				CLANG_ENABLE_OBJC_WEAK = YES;
				CLANG_WARN_BLOCK_CAPTURE_AUTORELEASING = YES;
				CLANG_WARN_BOOL_CONVERSION = YES;
				CLANG_WARN_COMMA = YES;
				CLANG_WARN_CONSTANT_CONVERSION = YES;
				CLANG_WARN_DEPRECATED_OBJC_IMPLEMENTATIONS = YES;
				CLANG_WARN_DIRECT_OBJC_ISA_USAGE = YES_ERROR;
				CLANG_WARN_DOCUMENTATION_COMMENTS = YES;
				CLANG_WARN_EMPTY_BODY = YES;
				CLANG_WARN_ENUM_CONVERSION = YES;
				CLANG_WARN_INFINITE_RECURSION = YES;
				CLANG_WARN_INT_CONVERSION = YES;
				CLANG_WARN_NON_LITERAL_NULL_CONVERSION = YES;
				CLANG_WARN_OBJC_IMPLICIT_RETAIN_SELF = YES;
				CLANG_WARN_OBJC_LITERAL_CONVERSION = YES;
				CLANG_WARN_OBJC_ROOT_CLASS = YES_ERROR;
				CLANG_WARN_RANGE_LOOP_ANALYSIS = YES;
				CLANG_WARN_STRICT_PROTOTYPES = YES;
				CLANG_WARN_SUSPICIOUS_MOVE = YES;
				CLANG_WARN_UNGUARDED_AVAILABILITY = YES_AGGRESSIVE;
				CLANG_WARN_UNREACHABLE_CODE = YES;
				CLANG_WARN__DUPLICATE_METHOD_MATCH = YES;
				COPY_PHASE_STRIP = NO;
				DEBUG_INFORMATION_FORMAT = dwarf;
				ENABLE_STRICT_OBJC_MSGSEND = YES;
				ENABLE_TESTABILITY = YES;
				GCC_C_LANGUAGE_STANDARD = gnu11;
				GCC_DYNAMIC_NO_PIC = NO;
				GCC_NO_COMMON_BLOCKS = YES;
				GCC_OPTIMIZATION_LEVEL = 0;
				GCC_PREPROCESSOR_DEFINITIONS = (
					"DEBUG=1",
					"$(inherited)",
				);
				GCC_WARN_64_TO_32_BIT_CONVERSION = YES;
				GCC_WARN_ABOUT_RETURN_TYPE = YES_ERROR;
				GCC_WARN_UNDECLARED_SELECTOR = YES;
				GCC_WARN_UNINITIALIZED_AUTOS = YES_AGGRESSIVE;
				GCC_WARN_UNUSED_FUNCTION = YES;
				GCC_WARN_UNUSED_VARIABLE = YES;
				IPHONEOS_DEPLOYMENT_TARGET = 13.2;
				MTL_ENABLE_DEBUG_INFO = INCLUDE_SOURCE;
				MTL_FAST_MATH = YES;
				ONLY_ACTIVE_ARCH = YES;
				SDKROOT = iphoneos;
				SWIFT_ACTIVE_COMPILATION_CONDITIONS = DEBUG;
				SWIFT_OPTIMIZATION_LEVEL = "-Onone";
			};
			name = Debug;
		};
		DAB99C2A23A1AF3000629FFD /* Release */ = {
			isa = XCBuildConfiguration;
			buildSettings = {
				ALWAYS_SEARCH_USER_PATHS = NO;
				CLANG_ANALYZER_NONNULL = YES;
				CLANG_ANALYZER_NUMBER_OBJECT_CONVERSION = YES_AGGRESSIVE;
				CLANG_CXX_LANGUAGE_STANDARD = "gnu++14";
				CLANG_CXX_LIBRARY = "libc++";
				CLANG_ENABLE_MODULES = YES;
				CLANG_ENABLE_OBJC_ARC = YES;
				CLANG_ENABLE_OBJC_WEAK = YES;
				CLANG_WARN_BLOCK_CAPTURE_AUTORELEASING = YES;
				CLANG_WARN_BOOL_CONVERSION = YES;
				CLANG_WARN_COMMA = YES;
				CLANG_WARN_CONSTANT_CONVERSION = YES;
				CLANG_WARN_DEPRECATED_OBJC_IMPLEMENTATIONS = YES;
				CLANG_WARN_DIRECT_OBJC_ISA_USAGE = YES_ERROR;
				CLANG_WARN_DOCUMENTATION_COMMENTS = YES;
				CLANG_WARN_EMPTY_BODY = YES;
				CLANG_WARN_ENUM_CONVERSION = YES;
				CLANG_WARN_INFINITE_RECURSION = YES;
				CLANG_WARN_INT_CONVERSION = YES;
				CLANG_WARN_NON_LITERAL_NULL_CONVERSION = YES;
				CLANG_WARN_OBJC_IMPLICIT_RETAIN_SELF = YES;
				CLANG_WARN_OBJC_LITERAL_CONVERSION = YES;
				CLANG_WARN_OBJC_ROOT_CLASS = YES_ERROR;
				CLANG_WARN_RANGE_LOOP_ANALYSIS = YES;
				CLANG_WARN_STRICT_PROTOTYPES = YES;
				CLANG_WARN_SUSPICIOUS_MOVE = YES;
				CLANG_WARN_UNGUARDED_AVAILABILITY = YES_AGGRESSIVE;
				CLANG_WARN_UNREACHABLE_CODE = YES;
				CLANG_WARN__DUPLICATE_METHOD_MATCH = YES;
				COPY_PHASE_STRIP = NO;
				DEBUG_INFORMATION_FORMAT = "dwarf-with-dsym";
				ENABLE_NS_ASSERTIONS = NO;
				ENABLE_STRICT_OBJC_MSGSEND = YES;
				GCC_C_LANGUAGE_STANDARD = gnu11;
				GCC_NO_COMMON_BLOCKS = YES;
				GCC_WARN_64_TO_32_BIT_CONVERSION = YES;
				GCC_WARN_ABOUT_RETURN_TYPE = YES_ERROR;
				GCC_WARN_UNDECLARED_SELECTOR = YES;
				GCC_WARN_UNINITIALIZED_AUTOS = YES_AGGRESSIVE;
				GCC_WARN_UNUSED_FUNCTION = YES;
				GCC_WARN_UNUSED_VARIABLE = YES;
				IPHONEOS_DEPLOYMENT_TARGET = 13.2;
				MTL_ENABLE_DEBUG_INFO = NO;
				MTL_FAST_MATH = YES;
				SDKROOT = iphoneos;
				SWIFT_COMPILATION_MODE = wholemodule;
				SWIFT_OPTIMIZATION_LEVEL = "-O";
				VALIDATE_PRODUCT = YES;
			};
			name = Release;
		};
		DAB99C2C23A1AF3000629FFD /* Debug */ = {
			isa = XCBuildConfiguration;
			buildSettings = {
				ASSETCATALOG_COMPILER_APPICON_NAME = AppIcon;
				CODE_SIGN_STYLE = Automatic;
				DEVELOPMENT_ASSET_PATHS = "\"Guess game/Preview Content\"";
				DEVELOPMENT_TEAM = S8J88V7AGR;
				ENABLE_PREVIEWS = YES;
				INFOPLIST_FILE = "Guess game/Info.plist";
				LD_RUNPATH_SEARCH_PATHS = (
					"$(inherited)",
					"@executable_path/Frameworks",
				);
				PRODUCT_BUNDLE_IDENTIFIER = "yuri.Guess-game";
				PRODUCT_NAME = "$(TARGET_NAME)";
				SWIFT_VERSION = 5.0;
				TARGETED_DEVICE_FAMILY = "1,2";
			};
			name = Debug;
		};
		DAB99C2D23A1AF3000629FFD /* Release */ = {
			isa = XCBuildConfiguration;
			buildSettings = {
				ASSETCATALOG_COMPILER_APPICON_NAME = AppIcon;
				CODE_SIGN_STYLE = Automatic;
				DEVELOPMENT_ASSET_PATHS = "\"Guess game/Preview Content\"";
				DEVELOPMENT_TEAM = S8J88V7AGR;
				ENABLE_PREVIEWS = YES;
				INFOPLIST_FILE = "Guess game/Info.plist";
				LD_RUNPATH_SEARCH_PATHS = (
					"$(inherited)",
					"@executable_path/Frameworks",
				);
				PRODUCT_BUNDLE_IDENTIFIER = "yuri.Guess-game";
				PRODUCT_NAME = "$(TARGET_NAME)";
				SWIFT_VERSION = 5.0;
				TARGETED_DEVICE_FAMILY = "1,2";
			};
			name = Release;
		};
/* End XCBuildConfiguration section */

/* Begin XCConfigurationList section */
		DAB99C1223A1AF2F00629FFD /* Build configuration list for PBXProject "Guess game" */ = {
			isa = XCConfigurationList;
			buildConfigurations = (
				DAB99C2923A1AF3000629FFD /* Debug */,
				DAB99C2A23A1AF3000629FFD /* Release */,
			);
			defaultConfigurationIsVisible = 0;
			defaultConfigurationName = Release;
		};
		DAB99C2B23A1AF3000629FFD /* Build configuration list for PBXNativeTarget "Guess game" */ = {
			isa = XCConfigurationList;
			buildConfigurations = (
				DAB99C2C23A1AF3000629FFD /* Debug */,
				DAB99C2D23A1AF3000629FFD /* Release */,
			);
			defaultConfigurationIsVisible = 0;
			defaultConfigurationName = Release;
		};
/* End XCConfigurationList section */
	};
	rootObject = DAB99C0F23A1AF2F00629FFD /* Project object */;
}
